PODS:
  - MultiPlatformLibrary (0.1.0)

DEPENDENCIES:
  - MultiPlatformLibrary (from `../watchos-app`)

EXTERNAL SOURCES:
  MultiPlatformLibrary:
    :path: "../watchos-app"

SPEC CHECKSUMS:
  MultiPlatformLibrary: 8862bf2e2111fef1389fd0c952bad976bdac5dcc

PODFILE CHECKSUM: 650e95c9cc92b1454c1ff9243f2479d25c239e38

COCOAPODS: 1.8.3
