// !$*UTF8*$!
{
	archiveVersion = 1;
	classes = {
	};
	objectVersion = 50;
	objects = {

/* Begin PBXBuildFile section */
		45F4791D219463C7003D25FA /* LaunchScreen.storyboard in Resources */ = {isa = PBXBuildFile; fileRef = 45F47912219463C7003D25FA /* LaunchScreen.storyboard */; };
		45F4791E219463C7003D25FA /* Main.storyboard in Resources */ = {isa = PBXBuildFile; fileRef = 45F47914219463C7003D25FA /* Main.storyboard */; };
		45F47921219463C7003D25FA /* Assets.xcassets in Resources */ = {isa = PBXBuildFile; fileRef = 45F4791A219463C7003D25FA /* Assets.xcassets */; };
		45FAED15234EC97A008C0653 /* kotlin in Resources */ = {isa = PBXBuildFile; fileRef = 45FAED14234EC97A008C0653 /* kotlin */; };
		B0088D52234F2BFF009E8630 /* TestStoryboard.storyboard in Resources */ = {isa = PBXBuildFile; fileRef = B0088D51234F2BFF009E8630 /* TestStoryboard.storyboard */; };
/* End PBXBuildFile section */

/* Begin PBXFileReference section */
		287627FF1F319065007FA12B /* ios-app.app */ = {isa = PBXFileReference; explicitFileType = wrapper.application; includeInIndex = 0; path = "ios-app.app"; sourceTree = BUILT_PRODUCTS_DIR; };
		45964D362282A1FD00C16658 /* mpp-library */ = {isa = PBXFileReference; lastKnownFileType = folder; name = "mpp-library"; path = "../mpp-library"; sourceTree = "<group>"; };
		45F47913219463C7003D25FA /* Base */ = {isa = PBXFileReference; lastKnownFileType = file.storyboard; name = Base; path = Base.lproj/LaunchScreen.storyboard; sourceTree = "<group>"; };
		45F47915219463C7003D25FA /* Base */ = {isa = PBXFileReference; lastKnownFileType = file.storyboard; name = Base; path = Base.lproj/Main.storyboard; sourceTree = "<group>"; };
		45F4791A219463C7003D25FA /* Assets.xcassets */ = {isa = PBXFileReference; lastKnownFileType = folder.assetcatalog; path = Assets.xcassets; sourceTree = "<group>"; };
		45F4791C219463C7003D25FA /* Info.plist */ = {isa = PBXFileReference; fileEncoding = 4; lastKnownFileType = text.plist.xml; path = Info.plist; sourceTree = "<group>"; };
		45FAED14234EC97A008C0653 /* kotlin */ = {isa = PBXFileReference; lastKnownFileType = folder; name = kotlin; path = src/iosMain/kotlin; sourceTree = "<group>"; };
		B0088D51234F2BFF009E8630 /* TestStoryboard.storyboard */ = {isa = PBXFileReference; lastKnownFileType = file.storyboard; path = TestStoryboard.storyboard; sourceTree = "<group>"; };
/* End PBXFileReference section */

/* Begin PBXFrameworksBuildPhase section */
		287627FC1F319065007FA12B /* Frameworks */ = {
			isa = PBXFrameworksBuildPhase;
			buildActionMask = 2147483647;
			files = (
			);
			runOnlyForDeploymentPostprocessing = 0;
		};
/* End PBXFrameworksBuildPhase section */

/* Begin PBXGroup section */
		287627F61F319065007FA12B = {
			isa = PBXGroup;
			children = (
				45FAED14234EC97A008C0653 /* kotlin */,
				45964D362282A1FD00C16658 /* mpp-library */,
				45F47910219463C7003D25FA /* src */,
				287628001F319065007FA12B /* Products */,
			);
			indentWidth = 4;
			sourceTree = "<group>";
			tabWidth = 4;
			usesTabs = 0;
		};
		287628001F319065007FA12B /* Products */ = {
			isa = PBXGroup;
			children = (
				287627FF1F319065007FA12B /* ios-app.app */,
			);
			name = Products;
			sourceTree = "<group>";
		};
		45F47910219463C7003D25FA /* src */ = {
			isa = PBXGroup;
			children = (
				45F47911219463C7003D25FA /* Resources */,
				45F4791A219463C7003D25FA /* Assets.xcassets */,
				45F4791C219463C7003D25FA /* Info.plist */,
				B0088D51234F2BFF009E8630 /* TestStoryboard.storyboard */,
			);
			path = src;
			sourceTree = "<group>";
		};
		45F47911219463C7003D25FA /* Resources */ = {
			isa = PBXGroup;
			children = (
				45F47912219463C7003D25FA /* LaunchScreen.storyboard */,
				45F47914219463C7003D25FA /* Main.storyboard */,
			);
			path = Resources;
			sourceTree = "<group>";
		};
/* End PBXGroup section */

/* Begin PBXNativeTarget section */
		287627FE1F319065007FA12B /* ios-app */ = {
			isa = PBXNativeTarget;
			buildConfigurationList = 287628111F319065007FA12B /* Build configuration list for PBXNativeTarget "ios-app" */;
			buildPhases = (
				45FAED16234ECBC6008C0653 /* Compile Kotlin/Native */,
				287627FC1F319065007FA12B /* Frameworks */,
				287627FD1F319065007FA12B /* Resources */,
			);
			buildRules = (
			);
			dependencies = (
			);
			name = "ios-app";
			productName = IosApp;
			productReference = 287627FF1F319065007FA12B /* ios-app.app */;
			productType = "com.apple.product-type.application";
		};
/* End PBXNativeTarget section */

/* Begin PBXProject section */
		287627F71F319065007FA12B /* Project object */ = {
			isa = PBXProject;
			attributes = {
				LastSwiftUpdateCheck = 0830;
				LastUpgradeCheck = 0830;
				ORGANIZATIONNAME = "IceRock Development";
				TargetAttributes = {
					287627FE1F319065007FA12B = {
						CreatedOnToolsVersion = 8.3.3;
						LastSwiftMigration = 0940;
					};
				};
			};
			buildConfigurationList = 287627FA1F319065007FA12B /* Build configuration list for PBXProject "ios-app" */;
			compatibilityVersion = "Xcode 9.3";
			developmentRegion = English;
			hasScannedForEncodings = 0;
			knownRegions = (
				English,
				Base,
			);
			mainGroup = 287627F61F319065007FA12B;
			productRefGroup = 287628001F319065007FA12B /* Products */;
			projectDirPath = "";
			projectRoot = "";
			targets = (
				287627FE1F319065007FA12B /* ios-app */,
			);
		};
/* End PBXProject section */

/* Begin PBXResourcesBuildPhase section */
		287627FD1F319065007FA12B /* Resources */ = {
			isa = PBXResourcesBuildPhase;
			buildActionMask = 2147483647;
			files = (
				45F4791E219463C7003D25FA /* Main.storyboard in Resources */,
				45F4791D219463C7003D25FA /* LaunchScreen.storyboard in Resources */,
				45F47921219463C7003D25FA /* Assets.xcassets in Resources */,
				45FAED15234EC97A008C0653 /* kotlin in Resources */,
				B0088D52234F2BFF009E8630 /* TestStoryboard.storyboard in Resources */,
			);
			runOnlyForDeploymentPostprocessing = 0;
		};
/* End PBXResourcesBuildPhase section */

/* Begin PBXShellScriptBuildPhase section */
		45FAED16234ECBC6008C0653 /* Compile Kotlin/Native */ = {
			isa = PBXShellScriptBuildPhase;
			buildActionMask = 2147483647;
			files = (
			);
			inputFileListPaths = (
			);
			inputPaths = (
			);
			name = "Compile Kotlin/Native";
			outputFileListPaths = (
			);
			outputPaths = (
			);
			runOnlyForDeploymentPostprocessing = 0;
			shellPath = /bin/sh;
			shellScript = "$SRCROOT/../gradlew -p $SRCROOT packForXCode -Pdisable.android=true\n";
		};
/* End PBXShellScriptBuildPhase section */

/* Begin PBXVariantGroup section */
		45F47912219463C7003D25FA /* LaunchScreen.storyboard */ = {
			isa = PBXVariantGroup;
			children = (
				45F47913219463C7003D25FA /* Base */,
			);
			name = LaunchScreen.storyboard;
			sourceTree = "<group>";
		};
		45F47914219463C7003D25FA /* Main.storyboard */ = {
			isa = PBXVariantGroup;
			children = (
				45F47915219463C7003D25FA /* Base */,
			);
			name = Main.storyboard;
			sourceTree = "<group>";
		};
/* End PBXVariantGroup section */

/* Begin XCBuildConfiguration section */
		2876280F1F319065007FA12B /* Debug */ = {
			isa = XCBuildConfiguration;
			buildSettings = {
				CURRENT_PROJECT_VERSION = 0;
				DEFINES_MODULE = YES;
				SWIFT_VERSION = 4.0;
			};
			name = Debug;
		};
		287628101F319065007FA12B /* Release */ = {
			isa = XCBuildConfiguration;
			buildSettings = {
				CURRENT_PROJECT_VERSION = 0;
				DEFINES_MODULE = YES;
				SWIFT_VERSION = 4.0;
			};
			name = Release;
		};
		287628121F319065007FA12B /* Debug */ = {
			isa = XCBuildConfiguration;
			buildSettings = {
				ASSETCATALOG_COMPILER_APPICON_NAME = AppIcon;
				INFOPLIST_FILE = src/Info.plist;
				IPHONEOS_DEPLOYMENT_TARGET = 11.0;
				PRODUCT_BUNDLE_IDENTIFIER = "org.jetbrains.kotlin.native-demo";
				PRODUCT_NAME = "ios-app";
				SDKROOT = iphoneos;
				SUPPORTED_PLATFORMS = "iphonesimulator iphoneos";
				SWIFT_SWIFT3_OBJC_INFERENCE = On;
			};
			name = Debug;
		};
		287628131F319065007FA12B /* Release */ = {
			isa = XCBuildConfiguration;
			buildSettings = {
				ASSETCATALOG_COMPILER_APPICON_NAME = AppIcon;
				INFOPLIST_FILE = src/Info.plist;
				IPHONEOS_DEPLOYMENT_TARGET = 11.0;
				PRODUCT_BUNDLE_IDENTIFIER = "org.jetbrains.kotlin.native-demo";
				PRODUCT_NAME = "ios-app";
				SDKROOT = iphoneos;
				SUPPORTED_PLATFORMS = "iphonesimulator iphoneos";
				SWIFT_SWIFT3_OBJC_INFERENCE = On;
			};
			name = Release;
		};
/* End XCBuildConfiguration section */

/* Begin XCConfigurationList section */
		287627FA1F319065007FA12B /* Build configuration list for PBXProject "ios-app" */ = {
			isa = XCConfigurationList;
			buildConfigurations = (
				2876280F1F319065007FA12B /* Debug */,
				287628101F319065007FA12B /* Release */,
			);
			defaultConfigurationIsVisible = 0;
			defaultConfigurationName = Release;
		};
		287628111F319065007FA12B /* Build configuration list for PBXNativeTarget "ios-app" */ = {
			isa = XCConfigurationList;
			buildConfigurations = (
				287628121F319065007FA12B /* Debug */,
				287628131F319065007FA12B /* Release */,
			);
			defaultConfigurationIsVisible = 0;
			defaultConfigurationName = Release;
		};
/* End XCConfigurationList section */
	};
	rootObject = 287627F71F319065007FA12B /* Project object */;
}
