// !$*UTF8*$!
{
	archiveVersion = 1;
	classes = {
	};
	objectVersion = 50;
	objects = {

/* Begin PBXBuildFile section */
		45B9D186236EED4000E10F5D /* Assets.xcassets in Resources */ = {isa = PBXBuildFile; fileRef = 45B9D185236EED4000E10F5D /* Assets.xcassets */; };
		45B9D18D236EED4100E10F5D /* watchExtension.appex in Embed App Extensions */ = {isa = PBXBuildFile; fileRef = 45B9D18C236EED4100E10F5D /* watchExtension.appex */; settings = {ATTRIBUTES = (RemoveHeadersOnCopy, ); }; };
		45B9D196236EED4100E10F5D /* Assets.xcassets in Resources */ = {isa = PBXBuildFile; fileRef = 45B9D195236EED4100E10F5D /* Assets.xcassets */; };
		45B9D19A236EED4100E10F5D /* watch.app in Embed Watch Content */ = {isa = PBXBuildFile; fileRef = 45B9D180236EED3D00E10F5D /* watch.app */; settings = {ATTRIBUTES = (RemoveHeadersOnCopy, ); }; };
		45B9D1A5236EEF6400E10F5D /* Interface.plist in Resources */ = {isa = PBXBuildFile; fileRef = 45B9D1A4236EEF6400E10F5D /* Interface.plist */; };
		45F4791D219463C7003D25FA /* LaunchScreen.storyboard in Resources */ = {isa = PBXBuildFile; fileRef = 45F47912219463C7003D25FA /* LaunchScreen.storyboard */; };
		45F47921219463C7003D25FA /* Assets.xcassets in Resources */ = {isa = PBXBuildFile; fileRef = 45F4791A219463C7003D25FA /* Assets.xcassets */; };
		45FAED15234EC97A008C0653 /* kotlin in Resources */ = {isa = PBXBuildFile; fileRef = 45FAED14234EC97A008C0653 /* kotlin */; };
		B078B37C235612BC0063160D /* SFProDisplay-Regular.ttf in Resources */ = {isa = PBXBuildFile; fileRef = B078B37A235612BC0063160D /* SFProDisplay-Regular.ttf */; };
		B078B37D235612BC0063160D /* SFProDisplay-Bold.ttf in Resources */ = {isa = PBXBuildFile; fileRef = B078B37B235612BC0063160D /* SFProDisplay-Bold.ttf */; };
		B092A281237AB3CD00929745 /* Interface.storyboard in Resources */ = {isa = PBXBuildFile; fileRef = B092A22F237A97C500929745 /* Interface.storyboard */; };
		B092A283237BEA0D00929745 /* MainInterfaceController.swift in Sources */ = {isa = PBXBuildFile; fileRef = B092A27B237AA5A500929745 /* MainInterfaceController.swift */; };
		B092A285237C3A9600929745 /* SpotSearchInterfaceController.swift in Sources */ = {isa = PBXBuildFile; fileRef = B092A284237C3A9600929745 /* SpotSearchInterfaceController.swift */; };
		B0E0F55C237D8A66009BFF90 /* Pods_watchExtension.framework in Frameworks */ = {isa = PBXBuildFile; fileRef = B0E0F55B237D8A66009BFF90 /* Pods_watchExtension.framework */; };
/* End PBXBuildFile section */

/* Begin PBXContainerItemProxy section */
		45B9D18E236EED4100E10F5D /* PBXContainerItemProxy */ = {
			isa = PBXContainerItemProxy;
			containerPortal = 287627F71F319065007FA12B /* Project object */;
			proxyType = 1;
			remoteGlobalIDString = 45B9D18B236EED4100E10F5D;
			remoteInfo = "watch Extension";
		};
		45B9D198236EED4100E10F5D /* PBXContainerItemProxy */ = {
			isa = PBXContainerItemProxy;
			containerPortal = 287627F71F319065007FA12B /* Project object */;
			proxyType = 1;
			remoteGlobalIDString = 45B9D17F236EED3D00E10F5D;
			remoteInfo = watch;
		};
/* End PBXContainerItemProxy section */

/* Begin PBXCopyFilesBuildPhase section */
		45B9D19B236EED4100E10F5D /* Embed Watch Content */ = {
			isa = PBXCopyFilesBuildPhase;
			buildActionMask = 2147483647;
			dstPath = "$(CONTENTS_FOLDER_PATH)/Watch";
			dstSubfolderSpec = 16;
			files = (
				45B9D19A236EED4100E10F5D /* watch.app in Embed Watch Content */,
			);
			name = "Embed Watch Content";
			runOnlyForDeploymentPostprocessing = 0;
		};
		45B9D19E236EED4100E10F5D /* Embed App Extensions */ = {
			isa = PBXCopyFilesBuildPhase;
			buildActionMask = 2147483647;
			dstPath = "";
			dstSubfolderSpec = 13;
			files = (
				45B9D18D236EED4100E10F5D /* watchExtension.appex in Embed App Extensions */,
			);
			name = "Embed App Extensions";
			runOnlyForDeploymentPostprocessing = 0;
		};
/* End PBXCopyFilesBuildPhase section */

/* Begin PBXFileReference section */
		287627FF1F319065007FA12B /* JetFinder.app */ = {isa = PBXFileReference; explicitFileType = wrapper.application; includeInIndex = 0; path = JetFinder.app; sourceTree = BUILT_PRODUCTS_DIR; };
		2B930AED16722F2AF7BDDEAE /* Pods-watchExtension.release.xcconfig */ = {isa = PBXFileReference; includeInIndex = 1; lastKnownFileType = text.xcconfig; name = "Pods-watchExtension.release.xcconfig"; path = "Target Support Files/Pods-watchExtension/Pods-watchExtension.release.xcconfig"; sourceTree = "<group>"; };
		45964D362282A1FD00C16658 /* mpp-library */ = {isa = PBXFileReference; lastKnownFileType = folder; name = "mpp-library"; path = "../mpp-library"; sourceTree = "<group>"; };
		45B9D180236EED3D00E10F5D /* watch.app */ = {isa = PBXFileReference; explicitFileType = wrapper.application; includeInIndex = 0; path = watch.app; sourceTree = BUILT_PRODUCTS_DIR; };
		45B9D185236EED4000E10F5D /* Assets.xcassets */ = {isa = PBXFileReference; lastKnownFileType = folder.assetcatalog; path = Assets.xcassets; sourceTree = "<group>"; };
		45B9D187236EED4000E10F5D /* Info.plist */ = {isa = PBXFileReference; lastKnownFileType = text.plist.xml; path = Info.plist; sourceTree = "<group>"; };
		45B9D18C236EED4100E10F5D /* watchExtension.appex */ = {isa = PBXFileReference; explicitFileType = "wrapper.app-extension"; includeInIndex = 0; path = watchExtension.appex; sourceTree = BUILT_PRODUCTS_DIR; };
		45B9D195236EED4100E10F5D /* Assets.xcassets */ = {isa = PBXFileReference; lastKnownFileType = folder.assetcatalog; path = Assets.xcassets; sourceTree = "<group>"; };
		45B9D197236EED4100E10F5D /* Info.plist */ = {isa = PBXFileReference; lastKnownFileType = text.plist.xml; path = Info.plist; sourceTree = "<group>"; };
		45B9D1A4236EEF6400E10F5D /* Interface.plist */ = {isa = PBXFileReference; fileEncoding = 4; lastKnownFileType = text.plist.xml; name = Interface.plist; path = "../../watchos-app/src/Interface.plist"; sourceTree = "<group>"; };
		45F47913219463C7003D25FA /* Base */ = {isa = PBXFileReference; lastKnownFileType = file.storyboard; name = Base; path = Base.lproj/LaunchScreen.storyboard; sourceTree = "<group>"; };
		45F4791A219463C7003D25FA /* Assets.xcassets */ = {isa = PBXFileReference; lastKnownFileType = folder.assetcatalog; path = Assets.xcassets; sourceTree = "<group>"; };
		45F4791C219463C7003D25FA /* Info.plist */ = {isa = PBXFileReference; fileEncoding = 4; lastKnownFileType = text.plist.xml; path = Info.plist; sourceTree = "<group>"; };
		45FAED14234EC97A008C0653 /* kotlin */ = {isa = PBXFileReference; lastKnownFileType = folder; name = kotlin; path = src/iosMain/kotlin; sourceTree = "<group>"; };
		B078B37A235612BC0063160D /* SFProDisplay-Regular.ttf */ = {isa = PBXFileReference; lastKnownFileType = file; path = "SFProDisplay-Regular.ttf"; sourceTree = "<group>"; };
		B078B37B235612BC0063160D /* SFProDisplay-Bold.ttf */ = {isa = PBXFileReference; lastKnownFileType = file; path = "SFProDisplay-Bold.ttf"; sourceTree = "<group>"; };
		B092A22F237A97C500929745 /* Interface.storyboard */ = {isa = PBXFileReference; lastKnownFileType = file.storyboard; path = Interface.storyboard; sourceTree = "<group>"; };
		B092A27B237AA5A500929745 /* MainInterfaceController.swift */ = {isa = PBXFileReference; lastKnownFileType = sourcecode.swift; path = MainInterfaceController.swift; sourceTree = "<group>"; };
		B092A284237C3A9600929745 /* SpotSearchInterfaceController.swift */ = {isa = PBXFileReference; lastKnownFileType = sourcecode.swift; path = SpotSearchInterfaceController.swift; sourceTree = "<group>"; };
		B0E0F557237D89EF009BFF90 /* Pods_watchExtension.framework */ = {isa = PBXFileReference; explicitFileType = wrapper.framework; path = Pods_watchExtension.framework; sourceTree = BUILT_PRODUCTS_DIR; };
		B0E0F55B237D8A66009BFF90 /* Pods_watchExtension.framework */ = {isa = PBXFileReference; explicitFileType = wrapper.framework; path = Pods_watchExtension.framework; sourceTree = BUILT_PRODUCTS_DIR; };
		D08ABC3EA58E7C382B3861E4 /* Pods_watchExtension.framework */ = {isa = PBXFileReference; explicitFileType = wrapper.framework; includeInIndex = 0; path = Pods_watchExtension.framework; sourceTree = BUILT_PRODUCTS_DIR; };
		D1A4A7BC95159D33C5A14182 /* Pods-watchExtension.debug.xcconfig */ = {isa = PBXFileReference; includeInIndex = 1; lastKnownFileType = text.xcconfig; name = "Pods-watchExtension.debug.xcconfig"; path = "Target Support Files/Pods-watchExtension/Pods-watchExtension.debug.xcconfig"; sourceTree = "<group>"; };
/* End PBXFileReference section */

/* Begin PBXFrameworksBuildPhase section */
		287627FC1F319065007FA12B /* Frameworks */ = {
			isa = PBXFrameworksBuildPhase;
			buildActionMask = 2147483647;
			files = (
			);
			runOnlyForDeploymentPostprocessing = 0;
		};
		45B9D189236EED4100E10F5D /* Frameworks */ = {
			isa = PBXFrameworksBuildPhase;
			buildActionMask = 2147483647;
			files = (
				B0E0F55C237D8A66009BFF90 /* Pods_watchExtension.framework in Frameworks */,
			);
			runOnlyForDeploymentPostprocessing = 0;
		};
		6101AB08D821B4B1DB286F76 /* Frameworks */ = {
			isa = PBXFrameworksBuildPhase;
			buildActionMask = 2147483647;
			files = (
			);
			runOnlyForDeploymentPostprocessing = 0;
		};
/* End PBXFrameworksBuildPhase section */

/* Begin PBXGroup section */
		287627F61F319065007FA12B = {
			isa = PBXGroup;
			children = (
				45FAED14234EC97A008C0653 /* kotlin */,
				45964D362282A1FD00C16658 /* mpp-library */,
				45F47910219463C7003D25FA /* src */,
				45B9D181236EED3D00E10F5D /* watch */,
				45B9D190236EED4100E10F5D /* watch Extension */,
				287628001F319065007FA12B /* Products */,
				80011AA5F2A53ECC20E25106 /* Pods */,
				4511A9CEA21B1A9D60F8CB36 /* Frameworks */,
			);
			indentWidth = 4;
			sourceTree = "<group>";
			tabWidth = 4;
			usesTabs = 0;
		};
		287628001F319065007FA12B /* Products */ = {
			isa = PBXGroup;
			children = (
				287627FF1F319065007FA12B /* JetFinder.app */,
				45B9D180236EED3D00E10F5D /* watch.app */,
				45B9D18C236EED4100E10F5D /* watchExtension.appex */,
			);
			name = Products;
			sourceTree = "<group>";
		};
		4511A9CEA21B1A9D60F8CB36 /* Frameworks */ = {
			isa = PBXGroup;
			children = (
				B0E0F55B237D8A66009BFF90 /* Pods_watchExtension.framework */,
				B0E0F557237D89EF009BFF90 /* Pods_watchExtension.framework */,
				D08ABC3EA58E7C382B3861E4 /* Pods_watchExtension.framework */,
			);
			name = Frameworks;
			sourceTree = "<group>";
		};
		45B9D181236EED3D00E10F5D /* watch */ = {
			isa = PBXGroup;
			children = (
				45B9D1A4236EEF6400E10F5D /* Interface.plist */,
				45B9D185236EED4000E10F5D /* Assets.xcassets */,
				45B9D187236EED4000E10F5D /* Info.plist */,
				B092A22F237A97C500929745 /* Interface.storyboard */,
			);
			path = watch;
			sourceTree = "<group>";
		};
		45B9D190236EED4100E10F5D /* watch Extension */ = {
			isa = PBXGroup;
			children = (
				45B9D195236EED4100E10F5D /* Assets.xcassets */,
				45B9D197236EED4100E10F5D /* Info.plist */,
				B092A27B237AA5A500929745 /* MainInterfaceController.swift */,
				B092A284237C3A9600929745 /* SpotSearchInterfaceController.swift */,
			);
			path = "watch Extension";
			sourceTree = "<group>";
		};
		45F47910219463C7003D25FA /* src */ = {
			isa = PBXGroup;
			children = (
				45F47911219463C7003D25FA /* Resources */,
				45F4791C219463C7003D25FA /* Info.plist */,
			);
			path = src;
			sourceTree = "<group>";
		};
		45F47911219463C7003D25FA /* Resources */ = {
			isa = PBXGroup;
			children = (
				B078B379235612680063160D /* Fonts */,
				45F4791A219463C7003D25FA /* Assets.xcassets */,
				45F47912219463C7003D25FA /* LaunchScreen.storyboard */,
			);
			path = Resources;
			sourceTree = "<group>";
		};
		80011AA5F2A53ECC20E25106 /* Pods */ = {
			isa = PBXGroup;
			children = (
				D1A4A7BC95159D33C5A14182 /* Pods-watchExtension.debug.xcconfig */,
				2B930AED16722F2AF7BDDEAE /* Pods-watchExtension.release.xcconfig */,
			);
			path = Pods;
			sourceTree = "<group>";
		};
		B078B379235612680063160D /* Fonts */ = {
			isa = PBXGroup;
			children = (
				B078B37B235612BC0063160D /* SFProDisplay-Bold.ttf */,
				B078B37A235612BC0063160D /* SFProDisplay-Regular.ttf */,
			);
			path = Fonts;
			sourceTree = "<group>";
		};
/* End PBXGroup section */

/* Begin PBXNativeTarget section */
		287627FE1F319065007FA12B /* ios-app */ = {
			isa = PBXNativeTarget;
			buildConfigurationList = 287628111F319065007FA12B /* Build configuration list for PBXNativeTarget "ios-app" */;
			buildPhases = (
				45FAED16234ECBC6008C0653 /* Compile Kotlin/Native */,
				287627FC1F319065007FA12B /* Frameworks */,
				287627FD1F319065007FA12B /* Resources */,
				45B9D19B236EED4100E10F5D /* Embed Watch Content */,
			);
			buildRules = (
			);
			dependencies = (
				45B9D199236EED4100E10F5D /* PBXTargetDependency */,
			);
			name = "ios-app";
			productName = IosApp;
			productReference = 287627FF1F319065007FA12B /* JetFinder.app */;
			productType = "com.apple.product-type.application";
		};
		45B9D17F236EED3D00E10F5D /* watch */ = {
			isa = PBXNativeTarget;
			buildConfigurationList = 45B9D1A2236EED4100E10F5D /* Build configuration list for PBXNativeTarget "watch" */;
			buildPhases = (
				45B9D17E236EED3D00E10F5D /* Resources */,
				45B9D19E236EED4100E10F5D /* Embed App Extensions */,
				6101AB08D821B4B1DB286F76 /* Frameworks */,
			);
			buildRules = (
			);
			dependencies = (
				45B9D18F236EED4100E10F5D /* PBXTargetDependency */,
			);
			name = watch;
			productName = watch;
			productReference = 45B9D180236EED3D00E10F5D /* watch.app */;
			productType = "com.apple.product-type.application.watchapp2";
		};
		45B9D18B236EED4100E10F5D /* watchExtension */ = {
			isa = PBXNativeTarget;
			buildConfigurationList = 45B9D1A1236EED4100E10F5D /* Build configuration list for PBXNativeTarget "watchExtension" */;
			buildPhases = (
				AC5F4486D36F6F181B5FAC42 /* [CP] Check Pods Manifest.lock */,
				45B9D189236EED4100E10F5D /* Frameworks */,
				45B9D18A236EED4100E10F5D /* Resources */,
				B092A282237BEA0600929745 /* Sources */,
				15F3EC695265811E56AFFC77 /* [CP] Embed Pods Frameworks */,
			);
			buildRules = (
			);
			dependencies = (
			);
			name = watchExtension;
			productName = "watch Extension";
			productReference = 45B9D18C236EED4100E10F5D /* watchExtension.appex */;
			productType = "com.apple.product-type.watchkit2-extension";
		};
/* End PBXNativeTarget section */

/* Begin PBXProject section */
		287627F71F319065007FA12B /* Project object */ = {
			isa = PBXProject;
			attributes = {
				LastSwiftUpdateCheck = 1110;
				LastUpgradeCheck = 0830;
				ORGANIZATIONNAME = "IceRock Development";
				TargetAttributes = {
					287627FE1F319065007FA12B = {
						CreatedOnToolsVersion = 8.3.3;
						LastSwiftMigration = 0940;
					};
					45B9D17F236EED3D00E10F5D = {
						CreatedOnToolsVersion = 11.1;
						LastSwiftMigration = 1120;
					};
					45B9D18B236EED4100E10F5D = {
						CreatedOnToolsVersion = 11.1;
						LastSwiftMigration = 1120;
					};
				};
			};
			buildConfigurationList = 287627FA1F319065007FA12B /* Build configuration list for PBXProject "ios-app" */;
			compatibilityVersion = "Xcode 9.3";
			developmentRegion = English;
			hasScannedForEncodings = 0;
			knownRegions = (
				English,
				Base,
			);
			mainGroup = 287627F61F319065007FA12B;
			productRefGroup = 287628001F319065007FA12B /* Products */;
			projectDirPath = "";
			projectRoot = "";
			targets = (
				287627FE1F319065007FA12B /* ios-app */,
				45B9D17F236EED3D00E10F5D /* watch */,
				45B9D18B236EED4100E10F5D /* watchExtension */,
			);
		};
/* End PBXProject section */

/* Begin PBXResourcesBuildPhase section */
		287627FD1F319065007FA12B /* Resources */ = {
			isa = PBXResourcesBuildPhase;
			buildActionMask = 2147483647;
			files = (
				45F4791D219463C7003D25FA /* LaunchScreen.storyboard in Resources */,
				45F47921219463C7003D25FA /* Assets.xcassets in Resources */,
				45FAED15234EC97A008C0653 /* kotlin in Resources */,
				B078B37D235612BC0063160D /* SFProDisplay-Bold.ttf in Resources */,
				B078B37C235612BC0063160D /* SFProDisplay-Regular.ttf in Resources */,
			);
			runOnlyForDeploymentPostprocessing = 0;
		};
		45B9D17E236EED3D00E10F5D /* Resources */ = {
			isa = PBXResourcesBuildPhase;
			buildActionMask = 2147483647;
			files = (
				45B9D1A5236EEF6400E10F5D /* Interface.plist in Resources */,
				B092A281237AB3CD00929745 /* Interface.storyboard in Resources */,
				45B9D186236EED4000E10F5D /* Assets.xcassets in Resources */,
			);
			runOnlyForDeploymentPostprocessing = 0;
		};
		45B9D18A236EED4100E10F5D /* Resources */ = {
			isa = PBXResourcesBuildPhase;
			buildActionMask = 2147483647;
			files = (
				45B9D196236EED4100E10F5D /* Assets.xcassets in Resources */,
			);
			runOnlyForDeploymentPostprocessing = 0;
		};
/* End PBXResourcesBuildPhase section */

/* Begin PBXShellScriptBuildPhase section */
		15F3EC695265811E56AFFC77 /* [CP] Embed Pods Frameworks */ = {
			isa = PBXShellScriptBuildPhase;
			buildActionMask = 2147483647;
			files = (
			);
			inputFileListPaths = (
			);
			name = "[CP] Embed Pods Frameworks";
			outputFileListPaths = (
			);
			runOnlyForDeploymentPostprocessing = 0;
			shellPath = /bin/sh;
			shellScript = "\"${PODS_ROOT}/Target Support Files/Pods-watchExtension/Pods-watchExtension-frameworks.sh\"\n";
			showEnvVarsInLog = 0;
		};
		45FAED16234ECBC6008C0653 /* Compile Kotlin/Native */ = {
			isa = PBXShellScriptBuildPhase;
			buildActionMask = 2147483647;
			files = (
			);
			inputFileListPaths = (
			);
			inputPaths = (
			);
			name = "Compile Kotlin/Native";
			outputFileListPaths = (
			);
			outputPaths = (
			);
			runOnlyForDeploymentPostprocessing = 0;
			shellPath = /bin/sh;
			shellScript = "$SRCROOT/../gradlew -p $SRCROOT packForXCode -Pdisable.android=true\n";
		};
		AC5F4486D36F6F181B5FAC42 /* [CP] Check Pods Manifest.lock */ = {
			isa = PBXShellScriptBuildPhase;
			buildActionMask = 2147483647;
			files = (
			);
			inputFileListPaths = (
			);
			inputPaths = (
				"${PODS_PODFILE_DIR_PATH}/Podfile.lock",
				"${PODS_ROOT}/Manifest.lock",
			);
			name = "[CP] Check Pods Manifest.lock";
			outputFileListPaths = (
			);
			outputPaths = (
				"$(DERIVED_FILE_DIR)/Pods-watchExtension-checkManifestLockResult.txt",
			);
			runOnlyForDeploymentPostprocessing = 0;
			shellPath = /bin/sh;
			shellScript = "diff \"${PODS_PODFILE_DIR_PATH}/Podfile.lock\" \"${PODS_ROOT}/Manifest.lock\" > /dev/null\nif [ $? != 0 ] ; then\n    # print error to STDERR\n    echo \"error: The sandbox is not in sync with the Podfile.lock. Run 'pod install' or update your CocoaPods installation.\" >&2\n    exit 1\nfi\n# This output is used by Xcode 'outputs' to avoid re-running this script phase.\necho \"SUCCESS\" > \"${SCRIPT_OUTPUT_FILE_0}\"\n";
			showEnvVarsInLog = 0;
		};
/* End PBXShellScriptBuildPhase section */

/* Begin PBXSourcesBuildPhase section */
		B092A282237BEA0600929745 /* Sources */ = {
			isa = PBXSourcesBuildPhase;
			buildActionMask = 2147483647;
			files = (
				B092A283237BEA0D00929745 /* MainInterfaceController.swift in Sources */,
				B092A285237C3A9600929745 /* SpotSearchInterfaceController.swift in Sources */,
			);
			runOnlyForDeploymentPostprocessing = 0;
		};
/* End PBXSourcesBuildPhase section */

/* Begin PBXTargetDependency section */
		45B9D18F236EED4100E10F5D /* PBXTargetDependency */ = {
			isa = PBXTargetDependency;
			target = 45B9D18B236EED4100E10F5D /* watchExtension */;
			targetProxy = 45B9D18E236EED4100E10F5D /* PBXContainerItemProxy */;
		};
		45B9D199236EED4100E10F5D /* PBXTargetDependency */ = {
			isa = PBXTargetDependency;
			target = 45B9D17F236EED3D00E10F5D /* watch */;
			targetProxy = 45B9D198236EED4100E10F5D /* PBXContainerItemProxy */;
		};
/* End PBXTargetDependency section */

/* Begin PBXVariantGroup section */
		45F47912219463C7003D25FA /* LaunchScreen.storyboard */ = {
			isa = PBXVariantGroup;
			children = (
				45F47913219463C7003D25FA /* Base */,
			);
			name = LaunchScreen.storyboard;
			sourceTree = "<group>";
		};
/* End PBXVariantGroup section */

/* Begin XCBuildConfiguration section */
		2876280F1F319065007FA12B /* Debug */ = {
			isa = XCBuildConfiguration;
			buildSettings = {
				CURRENT_PROJECT_VERSION = 0;
				DEFINES_MODULE = YES;
				SWIFT_VERSION = 4.0;
			};
			name = Debug;
		};
		287628101F319065007FA12B /* Release */ = {
			isa = XCBuildConfiguration;
			buildSettings = {
				CURRENT_PROJECT_VERSION = 0;
				DEFINES_MODULE = YES;
				SWIFT_VERSION = 4.0;
			};
			name = Release;
		};
		287628121F319065007FA12B /* Debug */ = {
			isa = XCBuildConfiguration;
			buildSettings = {
				ASSETCATALOG_COMPILER_APPICON_NAME = AppIcon;
				CODE_SIGN_IDENTITY = "Apple Development";
				CODE_SIGN_STYLE = Automatic;
				DEVELOPMENT_TEAM = 7L2ADPX4K8;
				INFOPLIST_FILE = src/Info.plist;
				IPHONEOS_DEPLOYMENT_TARGET = 11.0;
				PRODUCT_BUNDLE_IDENTIFIER = ru.alex009.jetfinder;
				PRODUCT_NAME = JetFinder;
				PROVISIONING_PROFILE_SPECIFIER = "";
				SDKROOT = iphoneos;
				SUPPORTED_PLATFORMS = "iphonesimulator iphoneos";
				SWIFT_SWIFT3_OBJC_INFERENCE = On;
			};
			name = Debug;
		};
		287628131F319065007FA12B /* Release */ = {
			isa = XCBuildConfiguration;
			buildSettings = {
				ASSETCATALOG_COMPILER_APPICON_NAME = AppIcon;
				CODE_SIGN_IDENTITY = "Apple Development";
				CODE_SIGN_STYLE = Automatic;
				DEVELOPMENT_TEAM = 7L2ADPX4K8;
				INFOPLIST_FILE = src/Info.plist;
				IPHONEOS_DEPLOYMENT_TARGET = 11.0;
				PRODUCT_BUNDLE_IDENTIFIER = ru.alex009.jetfinder;
				PRODUCT_NAME = JetFinder;
				PROVISIONING_PROFILE_SPECIFIER = "";
				SDKROOT = iphoneos;
				SUPPORTED_PLATFORMS = "iphonesimulator iphoneos";
				SWIFT_SWIFT3_OBJC_INFERENCE = On;
			};
			name = Release;
		};
		45B9D19C236EED4100E10F5D /* Debug */ = {
			isa = XCBuildConfiguration;
			buildSettings = {
				ALWAYS_EMBED_SWIFT_STANDARD_LIBRARIES = YES;
				CLANG_ENABLE_MODULES = YES;
				CODE_SIGN_IDENTITY = "Apple Development";
				CODE_SIGN_STYLE = Automatic;
				DEVELOPMENT_TEAM = 7L2ADPX4K8;
				INFOPLIST_FILE = watch/Info.plist;
				LD_RUNPATH_SEARCH_PATHS = (
					"$(inherited)",
					"@executable_path/../Frameworks",
					"@loader_path/../Frameworks",
				);
				ONLY_ACTIVE_ARCH = YES;
				PRODUCT_BUNDLE_IDENTIFIER = ru.alex009.jetfinder.watchkitapp;
				PRODUCT_NAME = "$(TARGET_NAME)";
				PROVISIONING_PROFILE_SPECIFIER = "";
				SDKROOT = watchos;
				SWIFT_VERSION = 5.0;
				WATCHOS_DEPLOYMENT_TARGET = 6.0;
			};
			name = Debug;
		};
		45B9D19D236EED4100E10F5D /* Release */ = {
			isa = XCBuildConfiguration;
			buildSettings = {
				ALWAYS_EMBED_SWIFT_STANDARD_LIBRARIES = YES;
				CLANG_ENABLE_MODULES = YES;
				CODE_SIGN_IDENTITY = "Apple Development";
				CODE_SIGN_STYLE = Automatic;
				DEVELOPMENT_TEAM = 7L2ADPX4K8;
				INFOPLIST_FILE = watch/Info.plist;
				LD_RUNPATH_SEARCH_PATHS = (
					"$(inherited)",
					"@executable_path/../Frameworks",
					"@loader_path/../Frameworks",
				);
				PRODUCT_BUNDLE_IDENTIFIER = ru.alex009.jetfinder.watchkitapp;
				PRODUCT_NAME = "$(TARGET_NAME)";
				PROVISIONING_PROFILE_SPECIFIER = "";
				SDKROOT = watchos;
				SWIFT_VERSION = 5.0;
				WATCHOS_DEPLOYMENT_TARGET = 6.0;
			};
			name = Release;
		};
		45B9D19F236EED4100E10F5D /* Debug */ = {
			isa = XCBuildConfiguration;
			baseConfigurationReference = D1A4A7BC95159D33C5A14182 /* Pods-watchExtension.debug.xcconfig */;
			buildSettings = {
				ALWAYS_SEARCH_USER_PATHS = NO;
				ASSETCATALOG_COMPILER_COMPLICATION_NAME = Complication;
				CLANG_ANALYZER_NONNULL = YES;
				CLANG_ANALYZER_NUMBER_OBJECT_CONVERSION = YES_AGGRESSIVE;
				CLANG_CXX_LANGUAGE_STANDARD = "gnu++14";
				CLANG_CXX_LIBRARY = "libc++";
				CLANG_ENABLE_MODULES = YES;
				CLANG_ENABLE_OBJC_ARC = YES;
				CLANG_ENABLE_OBJC_WEAK = YES;
				CLANG_WARN_BLOCK_CAPTURE_AUTORELEASING = YES;
				CLANG_WARN_BOOL_CONVERSION = YES;
				CLANG_WARN_COMMA = YES;
				CLANG_WARN_CONSTANT_CONVERSION = YES;
				CLANG_WARN_DEPRECATED_OBJC_IMPLEMENTATIONS = YES;
				CLANG_WARN_DIRECT_OBJC_ISA_USAGE = YES_ERROR;
				CLANG_WARN_DOCUMENTATION_COMMENTS = YES;
				CLANG_WARN_EMPTY_BODY = YES;
				CLANG_WARN_ENUM_CONVERSION = YES;
				CLANG_WARN_INFINITE_RECURSION = YES;
				CLANG_WARN_INT_CONVERSION = YES;
				CLANG_WARN_NON_LITERAL_NULL_CONVERSION = YES;
				CLANG_WARN_OBJC_IMPLICIT_RETAIN_SELF = YES;
				CLANG_WARN_OBJC_LITERAL_CONVERSION = YES;
				CLANG_WARN_OBJC_ROOT_CLASS = YES_ERROR;
				CLANG_WARN_RANGE_LOOP_ANALYSIS = YES;
				CLANG_WARN_STRICT_PROTOTYPES = YES;
				CLANG_WARN_SUSPICIOUS_MOVE = YES;
				CLANG_WARN_UNGUARDED_AVAILABILITY = YES_AGGRESSIVE;
				CLANG_WARN_UNREACHABLE_CODE = YES;
				CLANG_WARN__DUPLICATE_METHOD_MATCH = YES;
				CODE_SIGN_IDENTITY = "Apple Development";
				CODE_SIGN_STYLE = Automatic;
				COPY_PHASE_STRIP = NO;
				DEBUG_INFORMATION_FORMAT = dwarf;
				DEVELOPMENT_TEAM = 7L2ADPX4K8;
				ENABLE_STRICT_OBJC_MSGSEND = YES;
				ENABLE_TESTABILITY = YES;
				GCC_C_LANGUAGE_STANDARD = gnu11;
				GCC_DYNAMIC_NO_PIC = NO;
				GCC_NO_COMMON_BLOCKS = YES;
				GCC_OPTIMIZATION_LEVEL = 0;
				GCC_PREPROCESSOR_DEFINITIONS = (
					"DEBUG=1",
					"$(inherited)",
				);
				GCC_WARN_64_TO_32_BIT_CONVERSION = YES;
				GCC_WARN_ABOUT_RETURN_TYPE = YES_ERROR;
				GCC_WARN_UNDECLARED_SELECTOR = YES;
				GCC_WARN_UNINITIALIZED_AUTOS = YES_AGGRESSIVE;
				GCC_WARN_UNUSED_FUNCTION = YES;
				GCC_WARN_UNUSED_VARIABLE = YES;
				INFOPLIST_FILE = "watch Extension/Info.plist";
				LD_RUNPATH_SEARCH_PATHS = (
					"$(inherited)",
					"@executable_path/Frameworks",
					"@executable_path/../../Frameworks",
				);
				MTL_ENABLE_DEBUG_INFO = INCLUDE_SOURCE;
				MTL_FAST_MATH = YES;
				ONLY_ACTIVE_ARCH = YES;
				PRODUCT_BUNDLE_IDENTIFIER = ru.alex009.jetfinder.watchkitapp.watchkitextension;
				PRODUCT_NAME = watchExtension;
				PROVISIONING_PROFILE_SPECIFIER = "";
				SDKROOT = watchos;
				SKIP_INSTALL = YES;
				SWIFT_ACTIVE_COMPILATION_CONDITIONS = DEBUG;
				SWIFT_OPTIMIZATION_LEVEL = "-Onone";
				SWIFT_VERSION = 5.0;
				TARGETED_DEVICE_FAMILY = 4;
				WATCHOS_DEPLOYMENT_TARGET = 6.0;
			};
			name = Debug;
		};
		45B9D1A0236EED4100E10F5D /* Release */ = {
			isa = XCBuildConfiguration;
			baseConfigurationReference = 2B930AED16722F2AF7BDDEAE /* Pods-watchExtension.release.xcconfig */;
			buildSettings = {
				ALWAYS_SEARCH_USER_PATHS = NO;
				ASSETCATALOG_COMPILER_COMPLICATION_NAME = Complication;
				CLANG_ANALYZER_NONNULL = YES;
				CLANG_ANALYZER_NUMBER_OBJECT_CONVERSION = YES_AGGRESSIVE;
				CLANG_CXX_LANGUAGE_STANDARD = "gnu++14";
				CLANG_CXX_LIBRARY = "libc++";
				CLANG_ENABLE_MODULES = YES;
				CLANG_ENABLE_OBJC_ARC = YES;
				CLANG_ENABLE_OBJC_WEAK = YES;
				CLANG_WARN_BLOCK_CAPTURE_AUTORELEASING = YES;
				CLANG_WARN_BOOL_CONVERSION = YES;
				CLANG_WARN_COMMA = YES;
				CLANG_WARN_CONSTANT_CONVERSION = YES;
				CLANG_WARN_DEPRECATED_OBJC_IMPLEMENTATIONS = YES;
				CLANG_WARN_DIRECT_OBJC_ISA_USAGE = YES_ERROR;
				CLANG_WARN_DOCUMENTATION_COMMENTS = YES;
				CLANG_WARN_EMPTY_BODY = YES;
				CLANG_WARN_ENUM_CONVERSION = YES;
				CLANG_WARN_INFINITE_RECURSION = YES;
				CLANG_WARN_INT_CONVERSION = YES;
				CLANG_WARN_NON_LITERAL_NULL_CONVERSION = YES;
				CLANG_WARN_OBJC_IMPLICIT_RETAIN_SELF = YES;
				CLANG_WARN_OBJC_LITERAL_CONVERSION = YES;
				CLANG_WARN_OBJC_ROOT_CLASS = YES_ERROR;
				CLANG_WARN_RANGE_LOOP_ANALYSIS = YES;
				CLANG_WARN_STRICT_PROTOTYPES = YES;
				CLANG_WARN_SUSPICIOUS_MOVE = YES;
				CLANG_WARN_UNGUARDED_AVAILABILITY = YES_AGGRESSIVE;
				CLANG_WARN_UNREACHABLE_CODE = YES;
				CLANG_WARN__DUPLICATE_METHOD_MATCH = YES;
				CODE_SIGN_IDENTITY = "Apple Development";
				CODE_SIGN_STYLE = Automatic;
				COPY_PHASE_STRIP = NO;
				DEBUG_INFORMATION_FORMAT = "dwarf-with-dsym";
				DEVELOPMENT_TEAM = 7L2ADPX4K8;
				ENABLE_NS_ASSERTIONS = NO;
				ENABLE_STRICT_OBJC_MSGSEND = YES;
				GCC_C_LANGUAGE_STANDARD = gnu11;
				GCC_NO_COMMON_BLOCKS = YES;
				GCC_WARN_64_TO_32_BIT_CONVERSION = YES;
				GCC_WARN_ABOUT_RETURN_TYPE = YES_ERROR;
				GCC_WARN_UNDECLARED_SELECTOR = YES;
				GCC_WARN_UNINITIALIZED_AUTOS = YES_AGGRESSIVE;
				GCC_WARN_UNUSED_FUNCTION = YES;
				GCC_WARN_UNUSED_VARIABLE = YES;
				INFOPLIST_FILE = "watch Extension/Info.plist";
				LD_RUNPATH_SEARCH_PATHS = (
					"$(inherited)",
					"@executable_path/Frameworks",
					"@executable_path/../../Frameworks",
				);
				MTL_ENABLE_DEBUG_INFO = NO;
				MTL_FAST_MATH = YES;
				PRODUCT_BUNDLE_IDENTIFIER = ru.alex009.jetfinder.watchkitapp.watchkitextension;
				PRODUCT_NAME = watchExtension;
				PROVISIONING_PROFILE_SPECIFIER = "";
				SDKROOT = watchos;
				SKIP_INSTALL = YES;
				SWIFT_COMPILATION_MODE = wholemodule;
				SWIFT_OPTIMIZATION_LEVEL = "-O";
				SWIFT_VERSION = 5.0;
				TARGETED_DEVICE_FAMILY = 4;
				VALIDATE_PRODUCT = YES;
				WATCHOS_DEPLOYMENT_TARGET = 6.0;
			};
			name = Release;
		};
/* End XCBuildConfiguration section */

/* Begin XCConfigurationList section */
		287627FA1F319065007FA12B /* Build configuration list for PBXProject "ios-app" */ = {
			isa = XCConfigurationList;
			buildConfigurations = (
				2876280F1F319065007FA12B /* Debug */,
				287628101F319065007FA12B /* Release */,
			);
			defaultConfigurationIsVisible = 0;
			defaultConfigurationName = Release;
		};
		287628111F319065007FA12B /* Build configuration list for PBXNativeTarget "ios-app" */ = {
			isa = XCConfigurationList;
			buildConfigurations = (
				287628121F319065007FA12B /* Debug */,
				287628131F319065007FA12B /* Release */,
			);
			defaultConfigurationIsVisible = 0;
			defaultConfigurationName = Release;
		};
		45B9D1A1236EED4100E10F5D /* Build configuration list for PBXNativeTarget "watchExtension" */ = {
			isa = XCConfigurationList;
			buildConfigurations = (
				45B9D19F236EED4100E10F5D /* Debug */,
				45B9D1A0236EED4100E10F5D /* Release */,
			);
			defaultConfigurationIsVisible = 0;
			defaultConfigurationName = Release;
		};
		45B9D1A2236EED4100E10F5D /* Build configuration list for PBXNativeTarget "watch" */ = {
			isa = XCConfigurationList;
			buildConfigurations = (
				45B9D19C236EED4100E10F5D /* Debug */,
				45B9D19D236EED4100E10F5D /* Release */,
			);
			defaultConfigurationIsVisible = 0;
			defaultConfigurationName = Release;
		};
/* End XCConfigurationList section */
	};
	rootObject = 287627F71F319065007FA12B /* Project object */;
}
